
Microsoft Visual Studio Solution File, Format Version 12.00
Project("{FAE04EC0-301F-11D3-BF4B-00C04F79EFBC}") = "Cards.Api", "Cards.Api\Cards.Api.csproj", "{4774229F-CDB3-452D-8B44-8A6FBBFF51BF}"
EndProject
Global
	GlobalSection(SolutionConfigurationPlatforms) = preSolution
		Debug|Any CPU = Debug|Any CPU
		Release|Any CPU = Release|Any CPU
	EndGlobalSection
	GlobalSection(ProjectConfigurationPlatforms) = postSolution
		{4774229F-CDB3-452D-8B44-8A6FBBFF51BF}.Debug|Any CPU.ActiveCfg = Debug|Any CPU
		{4774229F-CDB3-452D-8B44-8A6FBBFF51BF}.Debug|Any CPU.Build.0 = Debug|Any CPU
		{4774229F-CDB3-452D-8B44-8A6FBBFF51BF}.Release|Any CPU.ActiveCfg = Release|Any CPU
		{4774229F-CDB3-452D-8B44-8A6FBBFF51BF}.Release|Any CPU.Build.0 = Release|Any CPU
	EndGlobalSection
EndGlobal
